
Microsoft Visual Studio Solution File, Format Version 12.00
# Visual Studio Version 17
VisualStudioVersion = 17.5.33502.453
MinimumVisualStudioVersion = 10.0.40219.1
Project("{FAE04EC0-301F-11D3-BF4B-00C04F79EFBC}") = "Task_1", "Task_1\Task_1.csproj", "{DCFB5A9F-87E2-40FF-B6E1-809F5B9F6DB5}"
EndProject
Project("{FAE04EC0-301F-11D3-BF4B-00C04F79EFBC}") = "Task_2", "Task_2\Task_2.csproj", "{36F2781E-3D6F-41B5-B004-B8992ADCBA52}"
EndProject
Project("{FAE04EC0-301F-11D3-BF4B-00C04F79EFBC}") = "Task_3", "Task_3\Task_3.csproj", "{BFB37BF8-6E6C-440B-92E5-F2F140AEBCB7}"
EndProject
Global
	GlobalSection(SolutionConfigurationPlatforms) = preSolution
		Debug|Any CPU = Debug|Any CPU
		Release|Any CPU = Release|Any CPU
	EndGlobalSection
	GlobalSection(ProjectConfigurationPlatforms) = postSolution
		{DCFB5A9F-87E2-40FF-B6E1-809F5B9F6DB5}.Debug|Any CPU.ActiveCfg = Debug|Any CPU
		{DCFB5A9F-87E2-40FF-B6E1-809F5B9F6DB5}.Debug|Any CPU.Build.0 = Debug|Any CPU
		{DCFB5A9F-87E2-40FF-B6E1-809F5B9F6DB5}.Release|Any CPU.ActiveCfg = Release|Any CPU
		{DCFB5A9F-87E2-40FF-B6E1-809F5B9F6DB5}.Release|Any CPU.Build.0 = Release|Any CPU
		{36F2781E-3D6F-41B5-B004-B8992ADCBA52}.Debug|Any CPU.ActiveCfg = Debug|Any CPU
		{36F2781E-3D6F-41B5-B004-B8992ADCBA52}.Debug|Any CPU.Build.0 = Debug|Any CPU
		{36F2781E-3D6F-41B5-B004-B8992ADCBA52}.Release|Any CPU.ActiveCfg = Release|Any CPU
		{36F2781E-3D6F-41B5-B004-B8992ADCBA52}.Release|Any CPU.Build.0 = Release|Any CPU
		{BFB37BF8-6E6C-440B-92E5-F2F140AEBCB7}.Debug|Any CPU.ActiveCfg = Debug|Any CPU
		{BFB37BF8-6E6C-440B-92E5-F2F140AEBCB7}.Debug|Any CPU.Build.0 = Debug|Any CPU
		{BFB37BF8-6E6C-440B-92E5-F2F140AEBCB7}.Release|Any CPU.ActiveCfg = Release|Any CPU
		{BFB37BF8-6E6C-440B-92E5-F2F140AEBCB7}.Release|Any CPU.Build.0 = Release|Any CPU
	EndGlobalSection
	GlobalSection(SolutionProperties) = preSolution
		HideSolutionNode = FALSE
	EndGlobalSection
	GlobalSection(ExtensibilityGlobals) = postSolution
		SolutionGuid = {B5A83D3A-2C73-4755-B1E4-BD737CA8078E}
	EndGlobalSection
EndGlobal
